{
  "name": "munbync-web",
  "version": "1.0.0",
  "lockfileVersion": 3,
  "requires": true,
  "packages": {
    "": {
      "name": "munbync-web",
      "version": "1.0.0",
      "license": "MIT",
      "dependencies": {
        "bwip-js": "4.11.4"
      },
      "devDependencies": {
        "@types/w3c-web-serial": "^1.0.8",
        "@types/w3c-web-usb": "^1.0.13",
        "@zxing/library": "0.21.3",
        "typescript": "^5.7.0"
      }
    },
    "node_modules/@types/w3c-web-serial": {
      "version": "1.0.8",
      "resolved": "https://registry.npmjs.org/@types/w3c-web-serial/-/w3c-web-serial-1.0.8.tgz",
      "integrity": "sha512-QQOT+bxQJhRGXoZDZGLs3ksLud1dMNnMiSQtBA0w8KXvLpXX4oM4TZb6J0GgJ8UbCaHo5s9/4VQT8uXy9JER2A==",
      "dev": true,
      "license": "MIT"
    },
    "node_modules/@types/w3c-web-usb": {
      "version": "1.0.13",
      "resolved": "https://registry.npmjs.org/@types/w3c-web-usb/-/w3c-web-usb-1.0.13.tgz",
      "integrity": "sha512-N2nSl3Xsx8mRHZBvMSdNGtzMyeleTvtlEw+ujujgXalPqOjIA6UtrqcB6OzyUjkTbDm3J7P1RNK1lgoO7jxtsw==",
      "dev": true,
      "license": "MIT"
    },
    "node_modules/@zxing/library": {
      "version": "0.21.3",
      "resolved": "https://registry.npmjs.org/@zxing/library/-/library-0.21.3.tgz",
      "integrity": "sha512-hZHqFe2JyH/ZxviJZosZjV+2s6EDSY0O24R+FQmlWZBZXP9IqMo7S3nb3+2LBWxodJQkSurdQGnqE7KXqrYgow==",
      "dev": true,
      "license": "MIT",
      "dependencies": {
        "ts-custom-error": "^3.2.1"
      },
      "engines": {
        "node": ">= 10.4.0"
      },
      "optionalDependencies": {
        "@zxing/text-encoding": "~0.9.0"
      }
    },
    "node_modules/@zxing/text-encoding": {
      "version": "0.9.0",
      "resolved": "https://registry.npmjs.org/@zxing/text-encoding/-/text-encoding-0.9.0.tgz",
      "integrity": "sha512-U/4aVJ2mxI0aDNI8Uq0wEhMgY+u4CNtEb0om3+y3+niDAsoTCOB33UF0sxpzqzdqXLqmvc+vZyAt4O8pPdfkwA==",
      "dev": true,
      "license": "(Unlicense OR Apache-2.0)",
      "optional": true
    },
    "node_modules/bwip-js": {
      "version": "4.11.4",
      "resolved": "https://registry.npmjs.org/bwip-js/-/bwip-js-4.11.4.tgz",
      "integrity": "sha512-FOXnOQkinxog8FwxdnPB+8k2wRqwPnqXwxX37KcXOtMNW+9CinOkGv9MtIoRC4HX/UyogT0/9lIp6FDm2DcquQ==",
      "license": "MIT",
      "bin": {
        "bwip-js": "bin/bwip-js.js"
      }
    },
    "node_modules/ts-custom-error": {
      "version": "3.3.1",
      "resolved": "https://registry.npmjs.org/ts-custom-error/-/ts-custom-error-3.3.1.tgz",
      "integrity": "sha512-5OX1tzOjxWEgsr/YEUWSuPrQ00deKLh6D7OTWcvNHm12/7QPyRh8SYpyWvA4IZv8H/+GQWQEh/kwo95Q9OVW1A==",
      "dev": true,
      "license": "MIT",
      "engines": {
        "node": ">=14.0.0"
      }
    },
    "node_modules/typescript": {
      "version": "5.9.3",
      "resolved": "https://registry.npmjs.org/typescript/-/typescript-5.9.3.tgz",
      "integrity": "sha512-jl1vZzPDinLr9eUt3J/t7V6FgNEw9QjvBPdysz9KfQDD41fQrC2Y4vKQdiaUpFT4bXlb1RHhLpp8wtm6M5TgSw==",
      "dev": true,
      "license": "Apache-2.0",
      "bin": {
        "tsc": "bin/tsc",
        "tsserver": "bin/tsserver"
      },
      "engines": {
        "node": ">=14.17"
      }
    }
  }
}
